{
  "version": 4,
  "terraform_version": "1.7.3",
  "serial": 99,
  "lineage": "32a609ff-b80e-69db-8555-96e2dbeccac1",
  "outputs": {
    "k8s-cluster-id": {
      "value": "ocid1.cluster.oc1.eu-frankfurt-1.aaaaaaaajmsajfdsupkmtfsgyn65jevyfqv5agehtirogbufyculqsytkqpa",
      "type": "string"
    },
    "nginx-ingress-secgroup-ocid": {
      "value": "ocid1.networksecuritygroup.oc1.eu-frankfurt-1.aaaaaaaa4rqdgtxhdms6c2xcijchw7y3tthfpqklvqytnzcrpv2qynv3zqsq",
      "type": "string"
    }
  },
  "resources": [
    {
      "mode": "managed",
      "type": "local_file",
      "name": "ingress_sec_group_oidc",
      "provider": "provider[\"registry.opentofu.org/hashicorp/local\"]",
      "instances": [
        {
          "schema_version": 0,
          "attributes": {
            "content": "# AUTO-GENERATED from Terraform. Do not edit manually.\n#\napiVersion: v1\nkind: ConfigMap\nmetadata:\n  name: ingress-secgroup-oidc\n  namespace: kube-system\ndata:\n  values.yaml: |\n    controller:\n      service:\n        annotations:\n          oci-network-load-balancer.oraclecloud.com/oci-network-security-groups: \"ocid1.networksecuritygroup.oc1.eu-frankfurt-1.aaaaaaaa4rqdgtxhdms6c2xcijchw7y3tthfpqklvqytnzcrpv2qynv3zqsq\"\n",
            "content_base64": null,
            "content_base64sha256": "NmyFUFJQWpFETJRfae/x+u2gFiVvpTDnc11kyPlmLoA=",
            "content_base64sha512": "XQD/kvMHRl4PL8fQ5hW2jaaTDBzGldfchc5MgBEI2HZdyWC+LaWm1OB1s5mfpoS5qLy0yFOz6I8mwI1dDpwDqw==",
            "content_md5": "653c9525750c72f38c72da835edd90af",
            "content_sha1": "610bcda6503d0864dbce3ce017ff9cd53a58f80b",
            "content_sha256": "366c855052505a91444c945f69eff1faeda016256fa530e7735d64c8f9662e80",
            "content_sha512": "5d00ff92f307465e0f2fc7d0e615b68da6930c1cc695d7dc85ce4c801108d8765dc960be2da5a6d4e075b3999fa684b9a8bcb4c853b3e88f26c08d5d0e9c03ab",
            "directory_permission": "0777",
            "file_permission": "0640",
            "filename": "../flux-modules/kube-system/ingress-nginx-secgroup-oidc-cm.yaml",
            "id": "610bcda6503d0864dbce3ce017ff9cd53a58f80b",
            "sensitive_content": null,
            "source": null
          },
          "sensitive_attributes": [],
          "dependencies": [
            "module.vcn.oci_core_vcn.vcn",
            "oci_core_network_security_group.nginx_ingress_network_security_group"
          ]
        }
      ]
    },
    {
      "mode": "managed",
      "type": "oci_bastion_bastion",
      "name": "k8s_bastion",
      "provider": "provider[\"registry.opentofu.org/oracle/oci\"]",
      "instances": [
        {
          "schema_version": 0,
          "attributes": {
            "bastion_type": "STANDARD",
            "client_cidr_block_allow_list": [
              "127.0.0.1/32",
              "85.215.161.55/32"
            ],
            "compartment_id": "ocid1.tenancy.oc1..aaaaaaaa4rdknam7lvbmh7stdxosxgn2n5k7d2pv7vmsxqavg5az4pqoj2cq",
            "defined_tags": {
              "Oracle-Tags.CreatedBy": "default/t.krbec@gmail.com",
              "Oracle-Tags.CreatedOn": "2024-06-04T19:22:31.076Z"
            },
            "dns_proxy_status": "DISABLED",
            "freeform_tags": {},
            "id": "ocid1.bastion.oc1.eu-frankfurt-1.amaaaaaai22ccmyaekoplcpsnl2a7bdhgyoxzf6liosckjwdczykorovthcq",
            "lifecycle_details": null,
            "max_session_ttl_in_seconds": 10800,
            "max_sessions_allowed": 20,
            "name": "k8s",
            "phone_book_entry": null,
            "private_endpoint_ip_address": "10.0.1.193",
            "state": "ACTIVE",
            "static_jump_host_ip_addresses": [],
            "system_tags": {},
            "target_subnet_id": "ocid1.subnet.oc1.eu-frankfurt-1.aaaaaaaabndtxzeqkjunbjwtkl6veo55d2bgafzem5vrmi4nx33fdhzkjcyq",
            "target_vcn_id": "ocid1.vcn.oc1.eu-frankfurt-1.amaaaaaai22ccmyamevd4fz4khi54w4g4qiwd5eruko6sbllywvkszfhe53a",
            "time_created": "2024-06-04 19:22:34.167 +0000 UTC",
            "time_updated": "2024-06-04 19:24:02.038 +0000 UTC",
            "timeouts": null
          },
          "sensitive_attributes": [],
          "private": "eyJlMmJmYjczMC1lY2FhLTExZTYtOGY4OC0zNDM2M2JjN2M0YzAiOnsiY3JlYXRlIjoxMjAwMDAwMDAwMDAwLCJkZWxldGUiOjEyMDAwMDAwMDAwMDAsInVwZGF0ZSI6MTIwMDAwMDAwMDAwMH19",
          "dependencies": [
            "module.vcn.data.oci_core_services.all_oci_services",
            "module.vcn.oci_core_local_peering_gateway.lpg",
            "module.vcn.oci_core_nat_gateway.nat_gateway",
            "module.vcn.oci_core_route_table.nat",
            "module.vcn.oci_core_service_gateway.service_gateway",
            "module.vcn.oci_core_vcn.vcn",
            "oci_core_security_list.private_subnet_sl",
            "oci_core_subnet.vcn_private_subnet"
          ]
        }
      ]
    },
    {
      "mode": "managed",
      "type": "oci_containerengine_cluster",
      "name": "k8s_cluster",
      "provider": "provider[\"registry.opentofu.org/oracle/oci\"]",
      "instances": [
        {
          "schema_version": 0,
          "attributes": {
            "available_kubernetes_upgrades": [],
            "cluster_pod_network_options": [
              {
                "cni_type": "FLANNEL_OVERLAY"
              }
            ],
            "compartment_id": "ocid1.tenancy.oc1..aaaaaaaa4rdknam7lvbmh7stdxosxgn2n5k7d2pv7vmsxqavg5az4pqoj2cq",
            "defined_tags": {
              "Oracle-Tags.CreatedBy": "default/t.krbec@gmail.com",
              "Oracle-Tags.CreatedOn": "2024-06-04T19:22:27.973Z"
            },
            "endpoint_config": [
              {
                "is_public_ip_enabled": true,
                "nsg_ids": [],
                "subnet_id": "ocid1.subnet.oc1.eu-frankfurt-1.aaaaaaaaz6us54uodlq5ykks6m2eawsl7oferftjhyqrrqmzbghjbikrnk4q"
              }
            ],
            "endpoints": [
              {
                "kubernetes": "",
                "private_endpoint": "10.0.0.79:6443",
                "public_endpoint": "138.3.252.85:6443",
                "vcn_hostname_endpoint": ""
              }
            ],
            "freeform_tags": {},
            "id": "ocid1.cluster.oc1.eu-frankfurt-1.aaaaaaaajmsajfdsupkmtfsgyn65jevyfqv5agehtirogbufyculqsytkqpa",
            "image_policy_config": [
              {
                "is_policy_enabled": false,
                "key_details": []
              }
            ],
            "kms_key_id": null,
            "kubernetes_version": "v1.30.1",
            "lifecycle_details": null,
            "metadata": [
              {
                "created_by_user_id": "ocid1.user.oc1..aaaaaaaayi2552pi4mtccfbdu47e6oyex6zgc5q26a6iwkp3tcxnuokw5yia",
                "created_by_work_request_id": "ocid1.clustersworkrequest.oc1.eu-frankfurt-1.aaaaaaaa5pobxmxiwwjwazi5w46szp6ld3v7dtbns3qcxay3dweppv2efbjq",
                "deleted_by_user_id": "",
                "deleted_by_work_request_id": "",
                "time_created": "2024-06-04 19:22:28 +0000 UTC",
                "time_credential_expiration": "2029-06-04 19:23:08 +0000 UTC",
                "time_deleted": "",
                "time_updated": "",
                "updated_by_user_id": "",
                "updated_by_work_request_id": ""
              }
            ],
            "name": "free-k8s-cluster",
            "options": [
              {
                "add_ons": [
                  {
                    "is_kubernetes_dashboard_enabled": false,
                    "is_tiller_enabled": false
                  }
                ],
                "admission_controller_options": [
                  {
                    "is_pod_security_policy_enabled": false
                  }
                ],
                "kubernetes_network_config": [
                  {
                    "pods_cidr": "10.244.0.0/16",
                    "services_cidr": "10.96.0.0/16"
                  }
                ],
                "persistent_volume_config": [
                  {
                    "defined_tags": {},
                    "freeform_tags": {}
                  }
                ],
                "service_lb_config": [
                  {
                    "defined_tags": {},
                    "freeform_tags": {}
                  }
                ],
                "service_lb_subnet_ids": [
                  "ocid1.subnet.oc1.eu-frankfurt-1.aaaaaaaaz6us54uodlq5ykks6m2eawsl7oferftjhyqrrqmzbghjbikrnk4q"
                ]
              }
            ],
            "state": "ACTIVE",
            "timeouts": null,
            "type": "BASIC_CLUSTER",
            "vcn_id": "ocid1.vcn.oc1.eu-frankfurt-1.amaaaaaai22ccmyamevd4fz4khi54w4g4qiwd5eruko6sbllywvkszfhe53a"
          },
          "sensitive_attributes": [],
          "private": "eyJlMmJmYjczMC1lY2FhLTExZTYtOGY4OC0zNDM2M2JjN2M0YzAiOnsiY3JlYXRlIjozNjAwMDAwMDAwMDAwLCJkZWxldGUiOjM2MDAwMDAwMDAwMDAsInVwZGF0ZSI6MzYwMDAwMDAwMDAwMH19",
          "dependencies": [
            "module.vcn.oci_core_internet_gateway.ig",
            "module.vcn.oci_core_local_peering_gateway.lpg",
            "module.vcn.oci_core_route_table.ig",
            "module.vcn.oci_core_vcn.vcn",
            "oci_core_security_list.public_subnet_sl",
            "oci_core_subnet.vcn_public_subnet"
          ]
        }
      ]
    },
    {
      "mode": "managed",
      "type": "oci_containerengine_node_pool",
      "name": "k8s_node_pool",
      "provider": "provider[\"registry.opentofu.org/oracle/oci\"]",
      "instances": [
        {
          "index_key": 0,
          "schema_version": 0,
          "attributes": {
            "cluster_id": "ocid1.cluster.oc1.eu-frankfurt-1.aaaaaaaajmsajfdsupkmtfsgyn65jevyfqv5agehtirogbufyculqsytkqpa",
            "compartment_id": "ocid1.tenancy.oc1..aaaaaaaa4rdknam7lvbmh7stdxosxgn2n5k7d2pv7vmsxqavg5az4pqoj2cq",
            "defined_tags": {
              "Oracle-Tags.CreatedBy": "default/t.krbec@gmail.com",
              "Oracle-Tags.CreatedOn": "2024-06-15T19:53:00.806Z"
            },
            "freeform_tags": {},
            "id": "ocid1.nodepool.oc1.eu-frankfurt-1.aaaaaaaapyi5litfqyw56hs2ibka25d7mssxszxownyguiziinan7btvyw3q",
            "initial_node_labels": [
              {
                "key": "name",
                "value": "free-k8s-cluster-pool-0"
              }
            ],
            "kubernetes_version": "v1.29.1",
            "lifecycle_details": null,
            "name": "free-k8s-node-pool-0",
            "node_config_details": [
              {
                "defined_tags": {},
                "freeform_tags": {
                  "type": "k8s"
                },
                "is_pv_encryption_in_transit_enabled": false,
                "kms_key_id": "",
                "node_pool_pod_network_option_details": [
                  {
                    "cni_type": "FLANNEL_OVERLAY",
                    "max_pods_per_node": 0,
                    "pod_nsg_ids": [],
                    "pod_subnet_ids": []
                  }
                ],
                "nsg_ids": [],
                "placement_configs": [
                  {
                    "availability_domain": "ZIjq:EU-FRANKFURT-1-AD-1",
                    "capacity_reservation_id": "",
                    "fault_domains": [],
                    "preemptible_node_config": [],
                    "subnet_id": "ocid1.subnet.oc1.eu-frankfurt-1.aaaaaaaabndtxzeqkjunbjwtkl6veo55d2bgafzem5vrmi4nx33fdhzkjcyq"
                  }
                ],
                "size": 1
              }
            ],
            "node_eviction_node_pool_settings": [],
            "node_image_id": "ocid1.image.oc1.eu-frankfurt-1.aaaaaaaa3mctwlkbkaj76pnlrmdr7w6dd4frkrhuqrdadpq4g67kh5gqbn3q",
            "node_image_name": "Oracle-Linux-8.9-aarch64-2024.01.26-0-OKE-1.29.1-679",
            "node_metadata": {
              "user_data": "IyEvYmluL2Jhc2gKCmVjaG8gIkNoZWNraW5nIHRvb2xzIgp3aGljaCBvY2kgMj4mMSAxPi9kZXYvbnVsbAppZiBbWyAkPyAtZXEgMSBdXTsgdGhlbgoJZWNobyAiSW5zdGFsbGluZyB0b29scy4uLiIKCWRuZiBpbnN0YWxsIGpxIHB5dGhvbjM2LW9jaS1jbGkgLXlxCmVsc2UKCWVjaG8gIlRvb2xzIGZvdW5kLiIKZmkKCnNldCAtZQoKZXhwb3J0IE9DSV9DTElfQVVUSD1pbnN0YW5jZV9wcmluY2lwYWwKCkRFVj0iL2Rldi9zZGIiCklOU1RBTkNFX09DSUQ9JChjdXJsIC1zIC1IICJBdXRob3JpemF0aW9uOiBCZWFyZXIgT3JhY2xlIiAtTCBodHRwOi8vMTY5LjI1NC4xNjkuMjU0L29wYy92Mi9pbnN0YW5jZS8gfCBqcSAtciAnLmlkJykKQ09NUEFSVE1FTlRfT0NJRD0kKGN1cmwgLXMgLUggIkF1dGhvcml6YXRpb246IEJlYXJlciBPcmFjbGUiIC1MIGh0dHA6Ly8xNjkuMjU0LjE2OS4yNTQvb3BjL3YyL2luc3RhbmNlLyB8IGpxIC1yICcuY29tcGFydG1lbnRJZCcpCkFEPSQoY3VybCAtcyAtSCAiQXV0aG9yaXphdGlvbjogQmVhcmVyIE9yYWNsZSIgLUwgaHR0cDovLzE2OS4yNTQuMTY5LjI1NC9vcGMvdjIvaW5zdGFuY2UvIHwganEgLXIgJy5hdmFpbGFiaWxpdHlEb21haW4nKQoKIyBHZXQgdGhlIE9DSUQgb2YgdGhlIGJsb2NrIHZvbHVtZQpCTE9DS19WT0xVTUVfT0NJRD0kKG9jaSBidiB2b2x1bWUgbGlzdCAtLWNvbXBhcnRtZW50LWlkPSR7Q09NUEFSVE1FTlRfT0NJRH0gLS1saWZlY3ljbGUtc3RhdGUgQVZBSUxBQkxFIC0tYXZhaWxhYmlsaXR5LWRvbWFpbiAke0FEfSB8IGpxIC1yICcuZGF0YVswXS5pZCcpCmlmIFtbICRCTE9DS19WT0xVTUVfT0NJRCA9PSAiIiBdXTsgdGhlbgoJZWNobyAiQ2FuJ3QgZmluZCB2YWxpZCBibG9jayB2b2x1bWUuIEV4aXRpbmcuIgoJZXhpdCAxCmVsc2UKCWVjaG8gIkZvdW5kIGJsb2NrIHZvbHVtZSB0byBtb3VudDogJEJMT0NLX1ZPTFVNRV9PQ0lEIgpmaQoKIyBDaGVjayBpZiB0aGUgdm9sdW1lIGlzIGFscmVhZHkgYXR0YWNoZWQgdG8gdGhlIGluc3RhbmNlCmVjaG8gIkNoZWNraW5nIGN1cnJlbnQgdm9sdW1lIHN0YXRlLi4uIgpBVFRBQ0hFRF9JTlNUQU5DRT0kKG9jaSBjb21wdXRlIHZvbHVtZS1hdHRhY2htZW50IGxpc3QgLS12b2x1bWUtaWQgJEJMT0NLX1ZPTFVNRV9PQ0lEIC0tY29tcGFydG1lbnQtaWQgJENPTVBBUlRNRU5UX09DSUQgfCBqcSAtciAnLmRhdGEgfCBzb3J0X2J5KC4idGltZS1jcmVhdGVkIikgfCBsYXN0IHwgLiJpbnN0YW5jZS1pZCInKQpTVEFURT0kKG9jaSBjb21wdXRlIHZvbHVtZS1hdHRhY2htZW50IGxpc3QgLS12b2x1bWUtaWQgJEJMT0NLX1ZPTFVNRV9PQ0lEIC0tY29tcGFydG1lbnQtaWQgJENPTVBBUlRNRU5UX09DSUQgfCBqcSAtciAnLmRhdGEgfCBzb3J0X2J5KC4idGltZS1jcmVhdGVkIikgfCBsYXN0IHwgLiJsaWZlY3ljbGUtc3RhdGUiJykKaWYgW1sgIiRBVFRBQ0hFRF9JTlNUQU5DRSIgPT0gIiRJTlNUQU5DRV9PQ0lEIiAmJiAiJFNUQVRFIiA9PSAiQVRUQUNIRUQiIF1dOyB0aGVuCgllY2hvICJCbG9jayB2b2x1bWUgaXMgYWxyZWFkeSBhdHRhY2hlZCB0byB0aGUgY3VycmVudCBpbnN0YW5jZSIKZWxpZiBbWyAiJEFUVEFDSEVEX0lOU1RBTkNFIiA9PSAiIiB8fCAiJFNUQVRFIiA9PSAiREVUQUNIRUQiIF1dOyB0aGVuCgkjIFRoZSB2b2x1bWUgaXMgbm90IGF0dGFjaGVkLCBhdHRhY2ggaXQgdG8gdGhlIGluc3RhbmNlCgllY2hvICJCbG9jayB2b2x1bWUgJEJMT0NLX1ZPTFVNRV9PQ0lEIGlzIGluIHN0YXRlICRTVEFURSwgcmVxdWVzdGluZyBhdHRhY2htZW50Li4uIgoJb2NpIGNvbXB1dGUgdm9sdW1lLWF0dGFjaG1lbnQgYXR0YWNoIC0tdm9sdW1lLWlkICRCTE9DS19WT0xVTUVfT0NJRCAtLWluc3RhbmNlLWlkICRJTlNUQU5DRV9PQ0lEIC0tdHlwZSBwYXJhdmlydHVhbGl6ZWQKCgkjIFdhaXQgZm9yIHRoZSBhdHRhY2htZW50IHRvIGNvbXBsZXRlCglBVFRBQ0hfU1RBVFVTPSIiCgl3aGlsZSBbWyAiJEFUVEFDSF9TVEFUVVMiICE9ICJBVFRBQ0hFRCIgXV07IGRvCgkJc2xlZXAgMgoJCUFUVEFDSF9TVEFUVVM9JChvY2kgY29tcHV0ZSB2b2x1bWUtYXR0YWNobWVudCBsaXN0IC0tdm9sdW1lLWlkICRCTE9DS19WT0xVTUVfT0NJRCAtLWNvbXBhcnRtZW50LWlkICRDT01QQVJUTUVOVF9PQ0lEIHwganEgLXIgJy5kYXRhIHwgc29ydF9ieSguInRpbWUtY3JlYXRlZCIpIHwgbGFzdCB8IC4ibGlmZWN5Y2xlLXN0YXRlIicpCgkJZWNobyAiQmxvY2sgdm9sdW1lICRCTE9DS19WT0xVTUVfT0NJRCBpcyBpbiBzdGF0ZSAkQVRUQUNIX1NUQVRVUy4uLiIKCWRvbmUKCWVjaG8gIkJsb2NrIHZvbHVtZSAkQkxPQ0tfVk9MVU1FX09DSUQgYXR0YWNoZWQgdG8gaW5zdGFuY2UiCmVsc2UKCSMgdGhlIHZvbHVtZSBpcyBhdHRhY2hlZCBhbHJlYWR5IHRvIGFub3RoZXIgaW5zdGFuY2UKCWVjaG8gIlRoZSB2b2x1bWUgJEJMT0NLX1ZPTFVNRV9PQ0lEIGluIHN0YXRlICRTVEFURSBpcyBhbHJlYWR5IGF0dGFjaGVkIHRvIGFub3RoZXIgaW5zdGFuY2UgJEFUVEFDSEVEX0lOU1RBTkNFLiBFeGl0aW5nLiIKCWV4aXQgMQpmaQoKbHMgLWxhIC9kZXYvc2QqCgppZiBbWyAkKGxzYmxrIC1mIHwgZ3JlcCAic2RiMSIgfCBncmVwICJleHQ0IikgIT0gIiIgXV07IHRoZW4KCWVjaG8gIlZvbHVtZSAkREVWIGFscmVhZHkgaGFzIGEgZmlsZXN5c3RlbSIKZWxzZQoJZWNobyAiQ3JlYXRpbmcgcGFydGl0aW9uIGFuZCBmaWxlc3lzdGVtIG9uICRERVYiCglwYXJ0ZWQgLS1zY3JpcHQgJERFViBta2xhYmVsIGdwdCBta3BhcnQgcHJpbWFyeSBleHQ0IDAlIDEwMCUKCXBhcnRwcm9iZSAkREVWCglta2ZzLmV4dDQgLUwgc3J2ICR7REVWfTEKZmkKCmlmIFtbIC1kIC9zcnYgXV07IHRoZW4KCWVjaG8gIi9zcnYgZXhpc3RzIgplbHNlCglta2RpciAvc3J2CgllY2hvICIvc3J2IGNyZWF0ZWQiCmZpCgpzZXQgK2UKZWNobyAiTW91bnRpbmcgJHtERVZ9MSBvbiAvc3J2Igptb3VudCAke0RFVn0xIC9zcnYKZWNobyAiJHtERVZ9MSBtb3VudGVkIGFuZCByZWFkeSIKCmVjaG8gIlJ1bm5pZyBPS0Ugc2NyaXB0IgpjdXJsIC0tZmFpbCAtSCAiQXV0aG9yaXphdGlvbjogQmVhcmVyIE9yYWNsZSIgLUwwIGh0dHA6Ly8xNjkuMjU0LjE2OS4yNTQvb3BjL3YyL2luc3RhbmNlL21ldGFkYXRhL29rZV9pbml0X3NjcmlwdCB8IGJhc2U2NCAtLWRlY29kZSA+L3Zhci9ydW4vb2tlLWluaXQuc2gKYmFzaCAvdmFyL3J1bi9va2UtaW5pdC5zaAo="
            },
            "node_pool_cycling_details": [],
            "node_shape": "VM.Standard.A1.Flex",
            "node_shape_config": [
              {
                "memory_in_gbs": 12,
                "ocpus": 2
              }
            ],
            "node_source": [
              {
                "image_id": "ocid1.image.oc1.eu-frankfurt-1.aaaaaaaa3mctwlkbkaj76pnlrmdr7w6dd4frkrhuqrdadpq4g67kh5gqbn3q",
                "source_name": "Oracle-Linux-8.9-aarch64-2024.01.26-0-OKE-1.29.1-679",
                "source_type": "IMAGE"
              }
            ],
            "node_source_details": [
              {
                "boot_volume_size_in_gbs": "",
                "image_id": "ocid1.image.oc1.eu-frankfurt-1.aaaaaaaa3mctwlkbkaj76pnlrmdr7w6dd4frkrhuqrdadpq4g67kh5gqbn3q",
                "source_type": "IMAGE"
              }
            ],
            "nodes": [
              {
                "availability_domain": "ZIjq:EU-FRANKFURT-1-AD-1",
                "defined_tags": {},
                "error": [],
                "fault_domain": "FAULT-DOMAIN-1",
                "freeform_tags": {},
                "id": "ocid1.instance.oc1.eu-frankfurt-1.antheljsi22ccmycht3okj6wofiq732quypfmgwkjvk52txknoo7rb57toha",
                "kubernetes_version": "v1.29.1",
                "lifecycle_details": "",
                "name": "oke-culqsytkqpa-nan7btvyw3q-s3fdhzkjcyq-0",
                "node_pool_id": "ocid1.nodepool.oc1.eu-frankfurt-1.aaaaaaaapyi5litfqyw56hs2ibka25d7mssxszxownyguiziinan7btvyw3q",
                "private_ip": "10.0.1.136",
                "public_ip": "",
                "state": "ACTIVE",
                "subnet_id": "ocid1.subnet.oc1.eu-frankfurt-1.aaaaaaaabndtxzeqkjunbjwtkl6veo55d2bgafzem5vrmi4nx33fdhzkjcyq"
              }
            ],
            "quantity_per_subnet": 0,
            "ssh_public_key": "ssh-ed25519 AAAAC3NzaC1lZDI1NTE5AAAAIBzdZfQXTQdzRvtjO8Gjw+pltnu7+SgqFeq86JbU8rvJ tom130@Tomas-MacBook-Pro.local",
            "state": "ACTIVE",
            "subnet_ids": [
              "ocid1.subnet.oc1.eu-frankfurt-1.aaaaaaaabndtxzeqkjunbjwtkl6veo55d2bgafzem5vrmi4nx33fdhzkjcyq"
            ],
            "timeouts": null
          },
          "sensitive_attributes": [],
          "private": "eyJlMmJmYjczMC1lY2FhLTExZTYtOGY4OC0zNDM2M2JjN2M0YzAiOnsiY3JlYXRlIjozMDAwMDAwMDAwMDAwLCJkZWxldGUiOjMwMDAwMDAwMDAwMDAsInVwZGF0ZSI6MzAwMDAwMDAwMDAwMH19",
          "dependencies": [
            "module.vcn.data.oci_core_services.all_oci_services",
            "module.vcn.oci_core_internet_gateway.ig",
            "module.vcn.oci_core_local_peering_gateway.lpg",
            "module.vcn.oci_core_nat_gateway.nat_gateway",
            "module.vcn.oci_core_route_table.ig",
            "module.vcn.oci_core_route_table.nat",
            "module.vcn.oci_core_service_gateway.service_gateway",
            "module.vcn.oci_core_vcn.vcn",
            "oci_containerengine_cluster.k8s_cluster",
            "oci_core_security_list.private_subnet_sl",
            "oci_core_security_list.public_subnet_sl",
            "oci_core_subnet.vcn_private_subnet",
            "oci_core_subnet.vcn_public_subnet",
            "oci_core_volume.arm_instance_volume"
          ]
        },
        {
          "index_key": 1,
          "schema_version": 0,
          "attributes": {
            "cluster_id": "ocid1.cluster.oc1.eu-frankfurt-1.aaaaaaaajmsajfdsupkmtfsgyn65jevyfqv5agehtirogbufyculqsytkqpa",
            "compartment_id": "ocid1.tenancy.oc1..aaaaaaaa4rdknam7lvbmh7stdxosxgn2n5k7d2pv7vmsxqavg5az4pqoj2cq",
            "defined_tags": {
              "Oracle-Tags.CreatedBy": "default/t.krbec@gmail.com",
              "Oracle-Tags.CreatedOn": "2024-06-15T19:53:00.940Z"
            },
            "freeform_tags": {},
            "id": "ocid1.nodepool.oc1.eu-frankfurt-1.aaaaaaaac44lv7iba7egm6xxvsmnhllsrs2xy5cxqseg3gb45nslqugwy72q",
            "initial_node_labels": [
              {
                "key": "name",
                "value": "free-k8s-cluster-pool-1"
              }
            ],
            "kubernetes_version": "v1.29.1",
            "lifecycle_details": null,
            "name": "free-k8s-node-pool-1",
            "node_config_details": [
              {
                "defined_tags": {},
                "freeform_tags": {
                  "type": "k8s"
                },
                "is_pv_encryption_in_transit_enabled": false,
                "kms_key_id": "",
                "node_pool_pod_network_option_details": [
                  {
                    "cni_type": "FLANNEL_OVERLAY",
                    "max_pods_per_node": 0,
                    "pod_nsg_ids": [],
                    "pod_subnet_ids": []
                  }
                ],
                "nsg_ids": [],
                "placement_configs": [
                  {
                    "availability_domain": "ZIjq:EU-FRANKFURT-1-AD-2",
                    "capacity_reservation_id": "",
                    "fault_domains": [],
                    "preemptible_node_config": [],
                    "subnet_id": "ocid1.subnet.oc1.eu-frankfurt-1.aaaaaaaabndtxzeqkjunbjwtkl6veo55d2bgafzem5vrmi4nx33fdhzkjcyq"
                  }
                ],
                "size": 1
              }
            ],
            "node_eviction_node_pool_settings": [],
            "node_image_id": "ocid1.image.oc1.eu-frankfurt-1.aaaaaaaa3mctwlkbkaj76pnlrmdr7w6dd4frkrhuqrdadpq4g67kh5gqbn3q",
            "node_image_name": "Oracle-Linux-8.9-aarch64-2024.01.26-0-OKE-1.29.1-679",
            "node_metadata": {
              "user_data": "IyEvYmluL2Jhc2gKCmVjaG8gIkNoZWNraW5nIHRvb2xzIgp3aGljaCBvY2kgMj4mMSAxPi9kZXYvbnVsbAppZiBbWyAkPyAtZXEgMSBdXTsgdGhlbgoJZWNobyAiSW5zdGFsbGluZyB0b29scy4uLiIKCWRuZiBpbnN0YWxsIGpxIHB5dGhvbjM2LW9jaS1jbGkgLXlxCmVsc2UKCWVjaG8gIlRvb2xzIGZvdW5kLiIKZmkKCnNldCAtZQoKZXhwb3J0IE9DSV9DTElfQVVUSD1pbnN0YW5jZV9wcmluY2lwYWwKCkRFVj0iL2Rldi9zZGIiCklOU1RBTkNFX09DSUQ9JChjdXJsIC1zIC1IICJBdXRob3JpemF0aW9uOiBCZWFyZXIgT3JhY2xlIiAtTCBodHRwOi8vMTY5LjI1NC4xNjkuMjU0L29wYy92Mi9pbnN0YW5jZS8gfCBqcSAtciAnLmlkJykKQ09NUEFSVE1FTlRfT0NJRD0kKGN1cmwgLXMgLUggIkF1dGhvcml6YXRpb246IEJlYXJlciBPcmFjbGUiIC1MIGh0dHA6Ly8xNjkuMjU0LjE2OS4yNTQvb3BjL3YyL2luc3RhbmNlLyB8IGpxIC1yICcuY29tcGFydG1lbnRJZCcpCkFEPSQoY3VybCAtcyAtSCAiQXV0aG9yaXphdGlvbjogQmVhcmVyIE9yYWNsZSIgLUwgaHR0cDovLzE2OS4yNTQuMTY5LjI1NC9vcGMvdjIvaW5zdGFuY2UvIHwganEgLXIgJy5hdmFpbGFiaWxpdHlEb21haW4nKQoKIyBHZXQgdGhlIE9DSUQgb2YgdGhlIGJsb2NrIHZvbHVtZQpCTE9DS19WT0xVTUVfT0NJRD0kKG9jaSBidiB2b2x1bWUgbGlzdCAtLWNvbXBhcnRtZW50LWlkPSR7Q09NUEFSVE1FTlRfT0NJRH0gLS1saWZlY3ljbGUtc3RhdGUgQVZBSUxBQkxFIC0tYXZhaWxhYmlsaXR5LWRvbWFpbiAke0FEfSB8IGpxIC1yICcuZGF0YVswXS5pZCcpCmlmIFtbICRCTE9DS19WT0xVTUVfT0NJRCA9PSAiIiBdXTsgdGhlbgoJZWNobyAiQ2FuJ3QgZmluZCB2YWxpZCBibG9jayB2b2x1bWUuIEV4aXRpbmcuIgoJZXhpdCAxCmVsc2UKCWVjaG8gIkZvdW5kIGJsb2NrIHZvbHVtZSB0byBtb3VudDogJEJMT0NLX1ZPTFVNRV9PQ0lEIgpmaQoKIyBDaGVjayBpZiB0aGUgdm9sdW1lIGlzIGFscmVhZHkgYXR0YWNoZWQgdG8gdGhlIGluc3RhbmNlCmVjaG8gIkNoZWNraW5nIGN1cnJlbnQgdm9sdW1lIHN0YXRlLi4uIgpBVFRBQ0hFRF9JTlNUQU5DRT0kKG9jaSBjb21wdXRlIHZvbHVtZS1hdHRhY2htZW50IGxpc3QgLS12b2x1bWUtaWQgJEJMT0NLX1ZPTFVNRV9PQ0lEIC0tY29tcGFydG1lbnQtaWQgJENPTVBBUlRNRU5UX09DSUQgfCBqcSAtciAnLmRhdGEgfCBzb3J0X2J5KC4idGltZS1jcmVhdGVkIikgfCBsYXN0IHwgLiJpbnN0YW5jZS1pZCInKQpTVEFURT0kKG9jaSBjb21wdXRlIHZvbHVtZS1hdHRhY2htZW50IGxpc3QgLS12b2x1bWUtaWQgJEJMT0NLX1ZPTFVNRV9PQ0lEIC0tY29tcGFydG1lbnQtaWQgJENPTVBBUlRNRU5UX09DSUQgfCBqcSAtciAnLmRhdGEgfCBzb3J0X2J5KC4idGltZS1jcmVhdGVkIikgfCBsYXN0IHwgLiJsaWZlY3ljbGUtc3RhdGUiJykKaWYgW1sgIiRBVFRBQ0hFRF9JTlNUQU5DRSIgPT0gIiRJTlNUQU5DRV9PQ0lEIiAmJiAiJFNUQVRFIiA9PSAiQVRUQUNIRUQiIF1dOyB0aGVuCgllY2hvICJCbG9jayB2b2x1bWUgaXMgYWxyZWFkeSBhdHRhY2hlZCB0byB0aGUgY3VycmVudCBpbnN0YW5jZSIKZWxpZiBbWyAiJEFUVEFDSEVEX0lOU1RBTkNFIiA9PSAiIiB8fCAiJFNUQVRFIiA9PSAiREVUQUNIRUQiIF1dOyB0aGVuCgkjIFRoZSB2b2x1bWUgaXMgbm90IGF0dGFjaGVkLCBhdHRhY2ggaXQgdG8gdGhlIGluc3RhbmNlCgllY2hvICJCbG9jayB2b2x1bWUgJEJMT0NLX1ZPTFVNRV9PQ0lEIGlzIGluIHN0YXRlICRTVEFURSwgcmVxdWVzdGluZyBhdHRhY2htZW50Li4uIgoJb2NpIGNvbXB1dGUgdm9sdW1lLWF0dGFjaG1lbnQgYXR0YWNoIC0tdm9sdW1lLWlkICRCTE9DS19WT0xVTUVfT0NJRCAtLWluc3RhbmNlLWlkICRJTlNUQU5DRV9PQ0lEIC0tdHlwZSBwYXJhdmlydHVhbGl6ZWQKCgkjIFdhaXQgZm9yIHRoZSBhdHRhY2htZW50IHRvIGNvbXBsZXRlCglBVFRBQ0hfU1RBVFVTPSIiCgl3aGlsZSBbWyAiJEFUVEFDSF9TVEFUVVMiICE9ICJBVFRBQ0hFRCIgXV07IGRvCgkJc2xlZXAgMgoJCUFUVEFDSF9TVEFUVVM9JChvY2kgY29tcHV0ZSB2b2x1bWUtYXR0YWNobWVudCBsaXN0IC0tdm9sdW1lLWlkICRCTE9DS19WT0xVTUVfT0NJRCAtLWNvbXBhcnRtZW50LWlkICRDT01QQVJUTUVOVF9PQ0lEIHwganEgLXIgJy5kYXRhIHwgc29ydF9ieSguInRpbWUtY3JlYXRlZCIpIHwgbGFzdCB8IC4ibGlmZWN5Y2xlLXN0YXRlIicpCgkJZWNobyAiQmxvY2sgdm9sdW1lICRCTE9DS19WT0xVTUVfT0NJRCBpcyBpbiBzdGF0ZSAkQVRUQUNIX1NUQVRVUy4uLiIKCWRvbmUKCWVjaG8gIkJsb2NrIHZvbHVtZSAkQkxPQ0tfVk9MVU1FX09DSUQgYXR0YWNoZWQgdG8gaW5zdGFuY2UiCmVsc2UKCSMgdGhlIHZvbHVtZSBpcyBhdHRhY2hlZCBhbHJlYWR5IHRvIGFub3RoZXIgaW5zdGFuY2UKCWVjaG8gIlRoZSB2b2x1bWUgJEJMT0NLX1ZPTFVNRV9PQ0lEIGluIHN0YXRlICRTVEFURSBpcyBhbHJlYWR5IGF0dGFjaGVkIHRvIGFub3RoZXIgaW5zdGFuY2UgJEFUVEFDSEVEX0lOU1RBTkNFLiBFeGl0aW5nLiIKCWV4aXQgMQpmaQoKbHMgLWxhIC9kZXYvc2QqCgppZiBbWyAkKGxzYmxrIC1mIHwgZ3JlcCAic2RiMSIgfCBncmVwICJleHQ0IikgIT0gIiIgXV07IHRoZW4KCWVjaG8gIlZvbHVtZSAkREVWIGFscmVhZHkgaGFzIGEgZmlsZXN5c3RlbSIKZWxzZQoJZWNobyAiQ3JlYXRpbmcgcGFydGl0aW9uIGFuZCBmaWxlc3lzdGVtIG9uICRERVYiCglwYXJ0ZWQgLS1zY3JpcHQgJERFViBta2xhYmVsIGdwdCBta3BhcnQgcHJpbWFyeSBleHQ0IDAlIDEwMCUKCXBhcnRwcm9iZSAkREVWCglta2ZzLmV4dDQgLUwgc3J2ICR7REVWfTEKZmkKCmlmIFtbIC1kIC9zcnYgXV07IHRoZW4KCWVjaG8gIi9zcnYgZXhpc3RzIgplbHNlCglta2RpciAvc3J2CgllY2hvICIvc3J2IGNyZWF0ZWQiCmZpCgpzZXQgK2UKZWNobyAiTW91bnRpbmcgJHtERVZ9MSBvbiAvc3J2Igptb3VudCAke0RFVn0xIC9zcnYKZWNobyAiJHtERVZ9MSBtb3VudGVkIGFuZCByZWFkeSIKCmVjaG8gIlJ1bm5pZyBPS0Ugc2NyaXB0IgpjdXJsIC0tZmFpbCAtSCAiQXV0aG9yaXphdGlvbjogQmVhcmVyIE9yYWNsZSIgLUwwIGh0dHA6Ly8xNjkuMjU0LjE2OS4yNTQvb3BjL3YyL2luc3RhbmNlL21ldGFkYXRhL29rZV9pbml0X3NjcmlwdCB8IGJhc2U2NCAtLWRlY29kZSA+L3Zhci9ydW4vb2tlLWluaXQuc2gKYmFzaCAvdmFyL3J1bi9va2UtaW5pdC5zaAo="
            },
            "node_pool_cycling_details": [],
            "node_shape": "VM.Standard.A1.Flex",
            "node_shape_config": [
              {
                "memory_in_gbs": 12,
                "ocpus": 2
              }
            ],
            "node_source": [
              {
                "image_id": "ocid1.image.oc1.eu-frankfurt-1.aaaaaaaa3mctwlkbkaj76pnlrmdr7w6dd4frkrhuqrdadpq4g67kh5gqbn3q",
                "source_name": "Oracle-Linux-8.9-aarch64-2024.01.26-0-OKE-1.29.1-679",
                "source_type": "IMAGE"
              }
            ],
            "node_source_details": [
              {
                "boot_volume_size_in_gbs": "",
                "image_id": "ocid1.image.oc1.eu-frankfurt-1.aaaaaaaa3mctwlkbkaj76pnlrmdr7w6dd4frkrhuqrdadpq4g67kh5gqbn3q",
                "source_type": "IMAGE"
              }
            ],
            "nodes": [
              {
                "availability_domain": "ZIjq:EU-FRANKFURT-1-AD-2",
                "defined_tags": {},
                "error": [],
                "fault_domain": "FAULT-DOMAIN-1",
                "freeform_tags": {},
                "id": "ocid1.instance.oc1.eu-frankfurt-1.antheljri22ccmyctq4r2r5m7i77h76yrwh5xvrwzqyn6wcay7arl57nl4ja",
                "kubernetes_version": "v1.29.1",
                "lifecycle_details": "",
                "name": "oke-culqsytkqpa-nslqugwy72q-s3fdhzkjcyq-0",
                "node_pool_id": "ocid1.nodepool.oc1.eu-frankfurt-1.aaaaaaaac44lv7iba7egm6xxvsmnhllsrs2xy5cxqseg3gb45nslqugwy72q",
                "private_ip": "10.0.1.111",
                "public_ip": "",
                "state": "ACTIVE",
                "subnet_id": "ocid1.subnet.oc1.eu-frankfurt-1.aaaaaaaabndtxzeqkjunbjwtkl6veo55d2bgafzem5vrmi4nx33fdhzkjcyq"
              }
            ],
            "quantity_per_subnet": 0,
            "ssh_public_key": "ssh-ed25519 AAAAC3NzaC1lZDI1NTE5AAAAIBzdZfQXTQdzRvtjO8Gjw+pltnu7+SgqFeq86JbU8rvJ tom130@Tomas-MacBook-Pro.local",
            "state": "ACTIVE",
            "subnet_ids": [
              "ocid1.subnet.oc1.eu-frankfurt-1.aaaaaaaabndtxzeqkjunbjwtkl6veo55d2bgafzem5vrmi4nx33fdhzkjcyq"
            ],
            "timeouts": null
          },
          "sensitive_attributes": [],
          "private": "eyJlMmJmYjczMC1lY2FhLTExZTYtOGY4OC0zNDM2M2JjN2M0YzAiOnsiY3JlYXRlIjozMDAwMDAwMDAwMDAwLCJkZWxldGUiOjMwMDAwMDAwMDAwMDAsInVwZGF0ZSI6MzAwMDAwMDAwMDAwMH19",
          "dependencies": [
            "module.vcn.data.oci_core_services.all_oci_services",
            "module.vcn.oci_core_internet_gateway.ig",
            "module.vcn.oci_core_local_peering_gateway.lpg",
            "module.vcn.oci_core_nat_gateway.nat_gateway",
            "module.vcn.oci_core_route_table.ig",
            "module.vcn.oci_core_route_table.nat",
            "module.vcn.oci_core_service_gateway.service_gateway",
            "module.vcn.oci_core_vcn.vcn",
            "oci_containerengine_cluster.k8s_cluster",
            "oci_core_security_list.private_subnet_sl",
            "oci_core_security_list.public_subnet_sl",
            "oci_core_subnet.vcn_private_subnet",
            "oci_core_subnet.vcn_public_subnet",
            "oci_core_volume.arm_instance_volume"
          ]
        }
      ]
    },
    {
      "mode": "managed",
      "type": "oci_core_network_security_group",
      "name": "nginx_ingress_network_security_group",
      "provider": "provider[\"registry.opentofu.org/oracle/oci\"]",
      "instances": [
        {
          "schema_version": 0,
          "attributes": {
            "compartment_id": "ocid1.tenancy.oc1..aaaaaaaa4rdknam7lvbmh7stdxosxgn2n5k7d2pv7vmsxqavg5az4pqoj2cq",
            "defined_tags": {
              "Oracle-Tags.CreatedBy": "default/t.krbec@gmail.com",
              "Oracle-Tags.CreatedOn": "2024-06-04T19:22:25.685Z"
            },
            "display_name": "networksecuritygroup20240604192225",
            "freeform_tags": {},
            "id": "ocid1.networksecuritygroup.oc1.eu-frankfurt-1.aaaaaaaa4rqdgtxhdms6c2xcijchw7y3tthfpqklvqytnzcrpv2qynv3zqsq",
            "state": "AVAILABLE",
            "time_created": "2024-06-04 19:22:25.799 +0000 UTC",
            "timeouts": null,
            "vcn_id": "ocid1.vcn.oc1.eu-frankfurt-1.amaaaaaai22ccmyamevd4fz4khi54w4g4qiwd5eruko6sbllywvkszfhe53a"
          },
          "sensitive_attributes": [],
          "private": "eyJlMmJmYjczMC1lY2FhLTExZTYtOGY4OC0zNDM2M2JjN2M0YzAiOnsiY3JlYXRlIjoxMjAwMDAwMDAwMDAwLCJkZWxldGUiOjEyMDAwMDAwMDAwMDAsInVwZGF0ZSI6MTIwMDAwMDAwMDAwMH19",
          "dependencies": [
            "module.vcn.oci_core_vcn.vcn"
          ]
        }
      ]
    },
    {
      "mode": "managed",
      "type": "oci_core_network_security_group_security_rule",
      "name": "nginx_ingress_network_security_group_security_rule_443",
      "provider": "provider[\"registry.opentofu.org/oracle/oci\"]",
      "instances": [
        {
          "schema_version": 0,
          "attributes": {
            "description": "nginx-ingress",
            "destination": null,
            "destination_type": "",
            "direction": "INGRESS",
            "icmp_options": [],
            "id": "7505BB",
            "is_valid": true,
            "network_security_group_id": "ocid1.networksecuritygroup.oc1.eu-frankfurt-1.aaaaaaaa4rqdgtxhdms6c2xcijchw7y3tthfpqklvqytnzcrpv2qynv3zqsq",
            "protocol": "6",
            "source": "0.0.0.0/0",
            "source_type": "CIDR_BLOCK",
            "stateless": false,
            "tcp_options": [
              {
                "destination_port_range": [
                  {
                    "max": 443,
                    "min": 443
                  }
                ],
                "source_port_range": []
              }
            ],
            "time_created": "2024-06-04 19:22:26.21 +0000 UTC",
            "timeouts": null,
            "udp_options": []
          },
          "sensitive_attributes": [],
          "private": "eyJlMmJmYjczMC1lY2FhLTExZTYtOGY4OC0zNDM2M2JjN2M0YzAiOnsiY3JlYXRlIjoxMjAwMDAwMDAwMDAwLCJkZWxldGUiOjEyMDAwMDAwMDAwMDAsInVwZGF0ZSI6MTIwMDAwMDAwMDAwMH19",
          "dependencies": [
            "module.vcn.oci_core_vcn.vcn",
            "oci_core_network_security_group.nginx_ingress_network_security_group"
          ]
        }
      ]
    },
    {
      "mode": "managed",
      "type": "oci_core_network_security_group_security_rule",
      "name": "nginx_ingress_network_security_group_security_rule_80",
      "provider": "provider[\"registry.opentofu.org/oracle/oci\"]",
      "instances": [
        {
          "schema_version": 0,
          "attributes": {
            "description": "nginx-ingress",
            "destination": null,
            "destination_type": "",
            "direction": "INGRESS",
            "icmp_options": [],
            "id": "E6A2DA",
            "is_valid": true,
            "network_security_group_id": "ocid1.networksecuritygroup.oc1.eu-frankfurt-1.aaaaaaaa4rqdgtxhdms6c2xcijchw7y3tthfpqklvqytnzcrpv2qynv3zqsq",
            "protocol": "6",
            "source": "0.0.0.0/0",
            "source_type": "CIDR_BLOCK",
            "stateless": false,
            "tcp_options": [
              {
                "destination_port_range": [
                  {
                    "max": 80,
                    "min": 80
                  }
                ],
                "source_port_range": []
              }
            ],
            "time_created": "2024-06-04 19:22:26.29 +0000 UTC",
            "timeouts": null,
            "udp_options": []
          },
          "sensitive_attributes": [],
          "private": "eyJlMmJmYjczMC1lY2FhLTExZTYtOGY4OC0zNDM2M2JjN2M0YzAiOnsiY3JlYXRlIjoxMjAwMDAwMDAwMDAwLCJkZWxldGUiOjEyMDAwMDAwMDAwMDAsInVwZGF0ZSI6MTIwMDAwMDAwMDAwMH19",
          "dependencies": [
            "module.vcn.oci_core_vcn.vcn",
            "oci_core_network_security_group.nginx_ingress_network_security_group"
          ]
        }
      ]
    },
    {
      "mode": "managed",
      "type": "oci_core_security_list",
      "name": "private_subnet_sl",
      "provider": "provider[\"registry.opentofu.org/oracle/oci\"]",
      "instances": [
        {
          "schema_version": 0,
          "attributes": {
            "compartment_id": "ocid1.tenancy.oc1..aaaaaaaa4rdknam7lvbmh7stdxosxgn2n5k7d2pv7vmsxqavg5az4pqoj2cq",
            "defined_tags": {
              "Oracle-Tags.CreatedBy": "default/t.krbec@gmail.com",
              "Oracle-Tags.CreatedOn": "2024-06-04T19:22:25.712Z"
            },
            "display_name": "free-k8s-private-subnet-sl",
            "egress_security_rules": [
              {
                "description": "",
                "destination": "0.0.0.0/0",
                "destination_type": "CIDR_BLOCK",
                "icmp_options": [],
                "protocol": "all",
                "stateless": false,
                "tcp_options": [],
                "udp_options": []
              }
            ],
            "freeform_tags": {},
            "id": "ocid1.securitylist.oc1.eu-frankfurt-1.aaaaaaaae4hxsdegyideplwqepzj3raqcppi22dydf3o6y2ydhzbadvvkzra",
            "ingress_security_rules": [
              {
                "description": "",
                "icmp_options": [],
                "protocol": "all",
                "source": "10.0.0.0/16",
                "source_type": "CIDR_BLOCK",
                "stateless": false,
                "tcp_options": [],
                "udp_options": []
              }
            ],
            "state": "AVAILABLE",
            "time_created": "2024-06-04 19:22:25.74 +0000 UTC",
            "timeouts": null,
            "vcn_id": "ocid1.vcn.oc1.eu-frankfurt-1.amaaaaaai22ccmyamevd4fz4khi54w4g4qiwd5eruko6sbllywvkszfhe53a"
          },
          "sensitive_attributes": [],
          "private": "eyJlMmJmYjczMC1lY2FhLTExZTYtOGY4OC0zNDM2M2JjN2M0YzAiOnsiY3JlYXRlIjoxMjAwMDAwMDAwMDAwLCJkZWxldGUiOjEyMDAwMDAwMDAwMDAsInVwZGF0ZSI6MTIwMDAwMDAwMDAwMH19",
          "dependencies": [
            "module.vcn.oci_core_vcn.vcn"
          ]
        }
      ]
    },
    {
      "mode": "managed",
      "type": "oci_core_security_list",
      "name": "public_subnet_sl",
      "provider": "provider[\"registry.opentofu.org/oracle/oci\"]",
      "instances": [
        {
          "schema_version": 0,
          "attributes": {
            "compartment_id": "ocid1.tenancy.oc1..aaaaaaaa4rdknam7lvbmh7stdxosxgn2n5k7d2pv7vmsxqavg5az4pqoj2cq",
            "defined_tags": {
              "Oracle-Tags.CreatedBy": "default/t.krbec@gmail.com",
              "Oracle-Tags.CreatedOn": "2024-06-04T19:22:25.760Z"
            },
            "display_name": "free-k8s-public-subnet-sl",
            "egress_security_rules": [
              {
                "description": "",
                "destination": "0.0.0.0/0",
                "destination_type": "CIDR_BLOCK",
                "icmp_options": [],
                "protocol": "all",
                "stateless": false,
                "tcp_options": [],
                "udp_options": []
              }
            ],
            "freeform_tags": {},
            "id": "ocid1.securitylist.oc1.eu-frankfurt-1.aaaaaaaab4qbvzfb55sqf4gcp74mdbjwfcz2eawwyxnvj4gsdpb6off6joma",
            "ingress_security_rules": [
              {
                "description": "",
                "icmp_options": [],
                "protocol": "17",
                "source": "0.0.0.0/0",
                "source_type": "CIDR_BLOCK",
                "stateless": false,
                "tcp_options": [],
                "udp_options": [
                  {
                    "max": 30111,
                    "min": 30111,
                    "source_port_range": []
                  }
                ]
              },
              {
                "description": "",
                "icmp_options": [],
                "protocol": "6",
                "source": "0.0.0.0/0",
                "source_type": "CIDR_BLOCK",
                "stateless": false,
                "tcp_options": [
                  {
                    "max": 443,
                    "min": 443,
                    "source_port_range": []
                  }
                ],
                "udp_options": []
              },
              {
                "description": "",
                "icmp_options": [],
                "protocol": "6",
                "source": "0.0.0.0/0",
                "source_type": "CIDR_BLOCK",
                "stateless": false,
                "tcp_options": [
                  {
                    "max": 6443,
                    "min": 6443,
                    "source_port_range": []
                  }
                ],
                "udp_options": []
              },
              {
                "description": "",
                "icmp_options": [],
                "protocol": "6",
                "source": "0.0.0.0/0",
                "source_type": "CIDR_BLOCK",
                "stateless": false,
                "tcp_options": [
                  {
                    "max": 80,
                    "min": 80,
                    "source_port_range": []
                  }
                ],
                "udp_options": []
              },
              {
                "description": "",
                "icmp_options": [],
                "protocol": "all",
                "source": "10.0.0.0/16",
                "source_type": "CIDR_BLOCK",
                "stateless": false,
                "tcp_options": [],
                "udp_options": []
              }
            ],
            "state": "AVAILABLE",
            "time_created": "2024-06-04 19:22:25.787 +0000 UTC",
            "timeouts": null,
            "vcn_id": "ocid1.vcn.oc1.eu-frankfurt-1.amaaaaaai22ccmyamevd4fz4khi54w4g4qiwd5eruko6sbllywvkszfhe53a"
          },
          "sensitive_attributes": [],
          "private": "eyJlMmJmYjczMC1lY2FhLTExZTYtOGY4OC0zNDM2M2JjN2M0YzAiOnsiY3JlYXRlIjoxMjAwMDAwMDAwMDAwLCJkZWxldGUiOjEyMDAwMDAwMDAwMDAsInVwZGF0ZSI6MTIwMDAwMDAwMDAwMH19",
          "dependencies": [
            "module.vcn.oci_core_vcn.vcn"
          ]
        }
      ]
    },
    {
      "mode": "managed",
      "type": "oci_core_subnet",
      "name": "vcn_private_subnet",
      "provider": "provider[\"registry.opentofu.org/oracle/oci\"]",
      "instances": [
        {
          "schema_version": 0,
          "attributes": {
            "availability_domain": null,
            "cidr_block": "10.0.1.0/24",
            "compartment_id": "ocid1.tenancy.oc1..aaaaaaaa4rdknam7lvbmh7stdxosxgn2n5k7d2pv7vmsxqavg5az4pqoj2cq",
            "defined_tags": {
              "Oracle-Tags.CreatedBy": "default/t.krbec@gmail.com",
              "Oracle-Tags.CreatedOn": "2024-06-04T19:22:29.602Z"
            },
            "dhcp_options_id": "ocid1.dhcpoptions.oc1.eu-frankfurt-1.aaaaaaaak5hur6diil7ynxigctehl6x7ibjnsdbn3jigkwnsje4ch5np4zfq",
            "display_name": "free-k8s-private-subnet",
            "dns_label": null,
            "freeform_tags": {},
            "id": "ocid1.subnet.oc1.eu-frankfurt-1.aaaaaaaabndtxzeqkjunbjwtkl6veo55d2bgafzem5vrmi4nx33fdhzkjcyq",
            "ipv6cidr_block": null,
            "ipv6cidr_blocks": [],
            "ipv6virtual_router_ip": null,
            "prohibit_internet_ingress": true,
            "prohibit_public_ip_on_vnic": true,
            "route_table_id": "ocid1.routetable.oc1.eu-frankfurt-1.aaaaaaaa6rk5mpuxx7fbkqp6mm7r3ktmgzc6vuvpjogkkfejkp5dtyjlogzq",
            "security_list_ids": [
              "ocid1.securitylist.oc1.eu-frankfurt-1.aaaaaaaae4hxsdegyideplwqepzj3raqcppi22dydf3o6y2ydhzbadvvkzra"
            ],
            "state": "AVAILABLE",
            "subnet_domain_name": null,
            "time_created": "2024-06-04 19:22:29.652 +0000 UTC",
            "timeouts": null,
            "vcn_id": "ocid1.vcn.oc1.eu-frankfurt-1.amaaaaaai22ccmyamevd4fz4khi54w4g4qiwd5eruko6sbllywvkszfhe53a",
            "virtual_router_ip": "10.0.1.1",
            "virtual_router_mac": "00:00:17:52:3D:5D"
          },
          "sensitive_attributes": [],
          "private": "eyJlMmJmYjczMC1lY2FhLTExZTYtOGY4OC0zNDM2M2JjN2M0YzAiOnsiY3JlYXRlIjoxMjAwMDAwMDAwMDAwLCJkZWxldGUiOjEyMDAwMDAwMDAwMDAsInVwZGF0ZSI6MTIwMDAwMDAwMDAwMH19",
          "dependencies": [
            "module.vcn.data.oci_core_services.all_oci_services",
            "module.vcn.oci_core_local_peering_gateway.lpg",
            "module.vcn.oci_core_nat_gateway.nat_gateway",
            "module.vcn.oci_core_route_table.nat",
            "module.vcn.oci_core_service_gateway.service_gateway",
            "module.vcn.oci_core_vcn.vcn",
            "oci_core_security_list.private_subnet_sl"
          ]
        }
      ]
    },
    {
      "mode": "managed",
      "type": "oci_core_subnet",
      "name": "vcn_public_subnet",
      "provider": "provider[\"registry.opentofu.org/oracle/oci\"]",
      "instances": [
        {
          "schema_version": 0,
          "attributes": {
            "availability_domain": null,
            "cidr_block": "10.0.0.0/24",
            "compartment_id": "ocid1.tenancy.oc1..aaaaaaaa4rdknam7lvbmh7stdxosxgn2n5k7d2pv7vmsxqavg5az4pqoj2cq",
            "defined_tags": {
              "Oracle-Tags.CreatedBy": "default/t.krbec@gmail.com",
              "Oracle-Tags.CreatedOn": "2024-06-04T19:22:26.746Z"
            },
            "dhcp_options_id": "ocid1.dhcpoptions.oc1.eu-frankfurt-1.aaaaaaaak5hur6diil7ynxigctehl6x7ibjnsdbn3jigkwnsje4ch5np4zfq",
            "display_name": "free-k8s-public-subnet",
            "dns_label": null,
            "freeform_tags": {},
            "id": "ocid1.subnet.oc1.eu-frankfurt-1.aaaaaaaaz6us54uodlq5ykks6m2eawsl7oferftjhyqrrqmzbghjbikrnk4q",
            "ipv6cidr_block": null,
            "ipv6cidr_blocks": [],
            "ipv6virtual_router_ip": null,
            "prohibit_internet_ingress": false,
            "prohibit_public_ip_on_vnic": false,
            "route_table_id": "ocid1.routetable.oc1.eu-frankfurt-1.aaaaaaaa6brkcos3kykj7d75pjxr6tbjqgu7ocxfxatyc7tvgqgsusds7z6a",
            "security_list_ids": [
              "ocid1.securitylist.oc1.eu-frankfurt-1.aaaaaaaab4qbvzfb55sqf4gcp74mdbjwfcz2eawwyxnvj4gsdpb6off6joma"
            ],
            "state": "AVAILABLE",
            "subnet_domain_name": null,
            "time_created": "2024-06-04 19:22:26.784 +0000 UTC",
            "timeouts": null,
            "vcn_id": "ocid1.vcn.oc1.eu-frankfurt-1.amaaaaaai22ccmyamevd4fz4khi54w4g4qiwd5eruko6sbllywvkszfhe53a",
            "virtual_router_ip": "10.0.0.1",
            "virtual_router_mac": "00:00:17:52:3D:5D"
          },
          "sensitive_attributes": [],
          "private": "eyJlMmJmYjczMC1lY2FhLTExZTYtOGY4OC0zNDM2M2JjN2M0YzAiOnsiY3JlYXRlIjoxMjAwMDAwMDAwMDAwLCJkZWxldGUiOjEyMDAwMDAwMDAwMDAsInVwZGF0ZSI6MTIwMDAwMDAwMDAwMH19",
          "dependencies": [
            "module.vcn.oci_core_internet_gateway.ig",
            "module.vcn.oci_core_local_peering_gateway.lpg",
            "module.vcn.oci_core_route_table.ig",
            "module.vcn.oci_core_vcn.vcn",
            "oci_core_security_list.public_subnet_sl"
          ]
        }
      ]
    },
    {
      "mode": "managed",
      "type": "oci_core_volume",
      "name": "arm_instance_volume",
      "provider": "provider[\"registry.opentofu.org/oracle/oci\"]",
      "instances": [
        {
          "index_key": 0,
          "schema_version": 0,
          "attributes": {
            "auto_tuned_vpus_per_gb": null,
            "autotune_policies": [],
            "availability_domain": "ZIjq:EU-FRANKFURT-1-AD-1",
            "backup_policy_id": null,
            "block_volume_replicas": [],
            "block_volume_replicas_deletion": null,
            "cluster_placement_group_id": null,
            "compartment_id": "ocid1.tenancy.oc1..aaaaaaaa4rdknam7lvbmh7stdxosxgn2n5k7d2pv7vmsxqavg5az4pqoj2cq",
            "defined_tags": {
              "Oracle-Tags.CreatedBy": "default/t.krbec@gmail.com",
              "Oracle-Tags.CreatedOn": "2024-06-04T19:22:25.006Z"
            },
            "display_name": "abtheljsjoemo5grk5f7kgo2qhrw5vmmgol3aq7dpo7d7vxkhfx6lvl23dpa",
            "freeform_tags": {
              "free-k8s-index": "0"
            },
            "id": "ocid1.volume.oc1.eu-frankfurt-1.abtheljsjoemo5grk5f7kgo2qhrw5vmmgol3aq7dpo7d7vxkhfx6lvl23dpa",
            "is_auto_tune_enabled": false,
            "is_hydrated": true,
            "kms_key_id": null,
            "size_in_gbs": "50",
            "size_in_mbs": "51200",
            "source_details": [],
            "state": "AVAILABLE",
            "system_tags": {
              "orcl-cloud.free-tier-retained": "true"
            },
            "time_created": "2024-06-04 19:22:25.02 +0000 UTC",
            "timeouts": null,
            "volume_backup_id": null,
            "volume_group_id": null,
            "vpus_per_gb": "10"
          },
          "sensitive_attributes": [],
          "private": "eyJlMmJmYjczMC1lY2FhLTExZTYtOGY4OC0zNDM2M2JjN2M0YzAiOnsiY3JlYXRlIjoxMjAwMDAwMDAwMDAwLCJkZWxldGUiOjEyMDAwMDAwMDAwMDAsInVwZGF0ZSI6MTIwMDAwMDAwMDAwMH19"
        },
        {
          "index_key": 1,
          "schema_version": 0,
          "attributes": {
            "auto_tuned_vpus_per_gb": null,
            "autotune_policies": [],
            "availability_domain": "ZIjq:EU-FRANKFURT-1-AD-2",
            "backup_policy_id": null,
            "block_volume_replicas": [],
            "block_volume_replicas_deletion": null,
            "cluster_placement_group_id": null,
            "compartment_id": "ocid1.tenancy.oc1..aaaaaaaa4rdknam7lvbmh7stdxosxgn2n5k7d2pv7vmsxqavg5az4pqoj2cq",
            "defined_tags": {
              "Oracle-Tags.CreatedBy": "default/t.krbec@gmail.com",
              "Oracle-Tags.CreatedOn": "2024-06-04T19:22:25.025Z"
            },
            "display_name": "abtheljrcm67e56qyadoxeoyy6evvkxinps3mbzvhafg5mu6e5c7syu52q6q",
            "freeform_tags": {
              "free-k8s-index": "1"
            },
            "id": "ocid1.volume.oc1.eu-frankfurt-1.abtheljrcm67e56qyadoxeoyy6evvkxinps3mbzvhafg5mu6e5c7syu52q6q",
            "is_auto_tune_enabled": false,
            "is_hydrated": true,
            "kms_key_id": null,
            "size_in_gbs": "50",
            "size_in_mbs": "51200",
            "source_details": [],
            "state": "AVAILABLE",
            "system_tags": {
              "orcl-cloud.free-tier-retained": "true"
            },
            "time_created": "2024-06-04 19:22:25.036 +0000 UTC",
            "timeouts": null,
            "volume_backup_id": null,
            "volume_group_id": null,
            "vpus_per_gb": "10"
          },
          "sensitive_attributes": [],
          "private": "eyJlMmJmYjczMC1lY2FhLTExZTYtOGY4OC0zNDM2M2JjN2M0YzAiOnsiY3JlYXRlIjoxMjAwMDAwMDAwMDAwLCJkZWxldGUiOjEyMDAwMDAwMDAwMDAsInVwZGF0ZSI6MTIwMDAwMDAwMDAwMH19"
        }
      ]
    },
    {
      "mode": "managed",
      "type": "oci_identity_dynamic_group",
      "name": "k8s_instances",
      "provider": "provider[\"registry.opentofu.org/oracle/oci\"]",
      "instances": [
        {
          "schema_version": 0,
          "attributes": {
            "compartment_id": "ocid1.tenancy.oc1..aaaaaaaa4rdknam7lvbmh7stdxosxgn2n5k7d2pv7vmsxqavg5az4pqoj2cq",
            "defined_tags": {
              "Oracle-Tags.CreatedBy": "default/t.krbec@gmail.com",
              "Oracle-Tags.CreatedOn": "2024-06-04T19:22:24.967Z"
            },
            "description": "k8s instances",
            "freeform_tags": {
              "Type": "k8s"
            },
            "id": "ocid1.dynamicgroup.oc1..aaaaaaaauzl6aimfnlglzrle36mxbavac5x6bz2ecirlylkcjp2mbpboe2ba",
            "inactive_state": null,
            "matching_rule": "instance.compartment.id = ocid1.tenancy.oc1..aaaaaaaa4rdknam7lvbmh7stdxosxgn2n5k7d2pv7vmsxqavg5az4pqoj2cq",
            "name": "k8s_instances",
            "state": "ACTIVE",
            "time_created": "2024-06-04 19:22:25.124 +0000 UTC",
            "timeouts": null
          },
          "sensitive_attributes": [],
          "private": "eyJlMmJmYjczMC1lY2FhLTExZTYtOGY4OC0zNDM2M2JjN2M0YzAiOnsiY3JlYXRlIjoxMjAwMDAwMDAwMDAwLCJkZWxldGUiOjEyMDAwMDAwMDAwMDAsInVwZGF0ZSI6MTIwMDAwMDAwMDAwMH19"
        }
      ]
    },
    {
      "mode": "managed",
      "type": "oci_identity_policy",
      "name": "k8s_instance_policy",
      "provider": "provider[\"registry.opentofu.org/oracle/oci\"]",
      "instances": [
        {
          "schema_version": 0,
          "attributes": {
            "ETag": "f797115fa511b72b74dd4e5bce432da0353e9efe",
            "compartment_id": "ocid1.tenancy.oc1..aaaaaaaa4rdknam7lvbmh7stdxosxgn2n5k7d2pv7vmsxqavg5az4pqoj2cq",
            "defined_tags": {
              "Oracle-Tags.CreatedBy": "default/t.krbec@gmail.com",
              "Oracle-Tags.CreatedOn": "2024-06-04T19:22:24.886Z"
            },
            "description": "allow k8s instances to mount disks",
            "freeform_tags": {},
            "id": "ocid1.policy.oc1..aaaaaaaaq2nnoao53cjg7wcq52o6oozrwfikb3id46hfutq6iaxh2kxsoutq",
            "inactive_state": null,
            "lastUpdateETag": "f797115fa511b72b74dd4e5bce432da0353e9efe",
            "name": "k8s_allow_disks",
            "policyHash": "f752f5dd9bf88762ce812448f9c8f090",
            "state": "ACTIVE",
            "statements": [
              "Allow dynamic-group k8s_instances to use instance-family in tenancy",
              "Allow dynamic-group k8s_instances to use volumes in tenancy",
              "Allow dynamic-group k8s_instances to manage volume-attachments in tenancy"
            ],
            "time_created": "2024-06-04 19:22:24.894 +0000 UTC",
            "timeouts": null,
            "version_date": null
          },
          "sensitive_attributes": [],
          "private": "eyJlMmJmYjczMC1lY2FhLTExZTYtOGY4OC0zNDM2M2JjN2M0YzAiOnsiY3JlYXRlIjoxMjAwMDAwMDAwMDAwLCJkZWxldGUiOjEyMDAwMDAwMDAwMDAsInVwZGF0ZSI6MTIwMDAwMDAwMDAwMH19"
        }
      ]
    },
    {
      "mode": "managed",
      "type": "oci_identity_policy",
      "name": "k8s_instance_policy_metrics",
      "provider": "provider[\"registry.opentofu.org/oracle/oci\"]",
      "instances": [
        {
          "schema_version": 0,
          "attributes": {
            "ETag": "7ba367ba4dcfae8603283f827b2b93392c411151",
            "compartment_id": "ocid1.tenancy.oc1..aaaaaaaa4rdknam7lvbmh7stdxosxgn2n5k7d2pv7vmsxqavg5az4pqoj2cq",
            "defined_tags": {
              "Oracle-Tags.CreatedBy": "default/t.krbec@gmail.com",
              "Oracle-Tags.CreatedOn": "2024-06-04T19:22:24.876Z"
            },
            "description": "allow k8s instances to read oci metrics",
            "freeform_tags": {},
            "id": "ocid1.policy.oc1..aaaaaaaamqmrktoyxyfnb3rhfkuwnvo2oybyeilylwrmxokwm3ibvak4ducq",
            "inactive_state": null,
            "lastUpdateETag": "7ba367ba4dcfae8603283f827b2b93392c411151",
            "name": "k8s_allow_oci_metrics",
            "policyHash": "0856bf99a73e77aaa126dbc45184f1ff",
            "state": "ACTIVE",
            "statements": [
              "Allow dynamic-group k8s_instances to read metrics in tenancy",
              "Allow dynamic-group k8s_instances to read compartments in tenancy"
            ],
            "time_created": "2024-06-04 19:22:24.942 +0000 UTC",
            "timeouts": null,
            "version_date": null
          },
          "sensitive_attributes": [],
          "private": "eyJlMmJmYjczMC1lY2FhLTExZTYtOGY4OC0zNDM2M2JjN2M0YzAiOnsiY3JlYXRlIjoxMjAwMDAwMDAwMDAwLCJkZWxldGUiOjEyMDAwMDAwMDAwMDAsInVwZGF0ZSI6MTIwMDAwMDAwMDAwMH19"
        }
      ]
    },
    {
      "module": "module.vcn",
      "mode": "data",
      "type": "oci_core_services",
      "name": "all_oci_services",
      "provider": "provider[\"registry.opentofu.org/oracle/oci\"]",
      "instances": [
        {
          "index_key": 0,
          "schema_version": 0,
          "attributes": {
            "filter": [
              {
                "name": "name",
                "regex": true,
                "values": [
                  "All .* Services In Oracle Services Network"
                ]
              }
            ],
            "id": "CoreServicesDataSource-0",
            "services": [
              {
                "cidr_block": "all-fra-services-in-oracle-services-network",
                "description": "All FRA Services In Oracle Services Network",
                "id": "ocid1.service.oc1.eu-frankfurt-1.aaaaaaaa7ncsqkj6lkz36dehifizupyn6qjqsmtepsegs23yyntnsy7qrvea",
                "name": "All FRA Services In Oracle Services Network"
              }
            ]
          },
          "sensitive_attributes": []
        }
      ]
    },
    {
      "module": "module.vcn",
      "mode": "managed",
      "type": "oci_core_default_security_list",
      "name": "lockdown",
      "provider": "provider[\"registry.opentofu.org/oracle/oci\"]",
      "instances": [
        {
          "index_key": 0,
          "schema_version": 0,
          "attributes": {
            "compartment_id": "ocid1.tenancy.oc1..aaaaaaaa4rdknam7lvbmh7stdxosxgn2n5k7d2pv7vmsxqavg5az4pqoj2cq",
            "defined_tags": {
              "Oracle-Tags.CreatedBy": "default/t.krbec@gmail.com",
              "Oracle-Tags.CreatedOn": "2024-06-04T19:22:24.881Z"
            },
            "display_name": "Default Security List for free-k8s-vcn",
            "egress_security_rules": [],
            "freeform_tags": {
              "module": "oracle-terraform-modules/vcn/oci",
              "terraformed": "Please do not edit manually"
            },
            "id": "ocid1.securitylist.oc1.eu-frankfurt-1.aaaaaaaa5pcjeg4ygieqqq63sdt7kctgci6ekuwswc4ip3e7so7szexmnlpa",
            "ingress_security_rules": [],
            "manage_default_resource_id": "ocid1.securitylist.oc1.eu-frankfurt-1.aaaaaaaa5pcjeg4ygieqqq63sdt7kctgci6ekuwswc4ip3e7so7szexmnlpa",
            "state": "AVAILABLE",
            "time_created": "2024-06-04 19:22:24.967 +0000 UTC",
            "timeouts": null
          },
          "sensitive_attributes": [],
          "private": "eyJlMmJmYjczMC1lY2FhLTExZTYtOGY4OC0zNDM2M2JjN2M0YzAiOnsiY3JlYXRlIjoxMjAwMDAwMDAwMDAwLCJkZWxldGUiOjEyMDAwMDAwMDAwMDAsInVwZGF0ZSI6MTIwMDAwMDAwMDAwMH19",
          "dependencies": [
            "module.vcn.oci_core_vcn.vcn"
          ]
        }
      ]
    },
    {
      "module": "module.vcn",
      "mode": "managed",
      "type": "oci_core_internet_gateway",
      "name": "ig",
      "provider": "provider[\"registry.opentofu.org/oracle/oci\"]",
      "instances": [
        {
          "index_key": 0,
          "schema_version": 0,
          "attributes": {
            "compartment_id": "ocid1.tenancy.oc1..aaaaaaaa4rdknam7lvbmh7stdxosxgn2n5k7d2pv7vmsxqavg5az4pqoj2cq",
            "defined_tags": {
              "Oracle-Tags.CreatedBy": "default/t.krbec@gmail.com",
              "Oracle-Tags.CreatedOn": "2024-06-04T19:22:25.744Z"
            },
            "display_name": "internet-gateway",
            "enabled": true,
            "freeform_tags": {
              "module": "oracle-terraform-modules/vcn/oci",
              "terraformed": "Please do not edit manually"
            },
            "id": "ocid1.internetgateway.oc1.eu-frankfurt-1.aaaaaaaawnx4cnqglul4bvvvugouqqi7tigqiymrnqy3vevp3s7ufx2r6bfq",
            "route_table_id": null,
            "state": "AVAILABLE",
            "time_created": "2024-06-04 19:22:25.775 +0000 UTC",
            "timeouts": null,
            "vcn_id": "ocid1.vcn.oc1.eu-frankfurt-1.amaaaaaai22ccmyamevd4fz4khi54w4g4qiwd5eruko6sbllywvkszfhe53a"
          },
          "sensitive_attributes": [],
          "private": "eyJlMmJmYjczMC1lY2FhLTExZTYtOGY4OC0zNDM2M2JjN2M0YzAiOnsiY3JlYXRlIjoxMjAwMDAwMDAwMDAwLCJkZWxldGUiOjEyMDAwMDAwMDAwMDAsInVwZGF0ZSI6MTIwMDAwMDAwMDAwMH19",
          "dependencies": [
            "module.vcn.oci_core_vcn.vcn"
          ]
        }
      ]
    },
    {
      "module": "module.vcn",
      "mode": "managed",
      "type": "oci_core_nat_gateway",
      "name": "nat_gateway",
      "provider": "provider[\"registry.opentofu.org/oracle/oci\"]",
      "instances": [
        {
          "index_key": 0,
          "schema_version": 0,
          "attributes": {
            "block_traffic": false,
            "compartment_id": "ocid1.tenancy.oc1..aaaaaaaa4rdknam7lvbmh7stdxosxgn2n5k7d2pv7vmsxqavg5az4pqoj2cq",
            "defined_tags": {
              "Oracle-Tags.CreatedBy": "default/t.krbec@gmail.com",
              "Oracle-Tags.CreatedOn": "2024-06-04T19:22:25.631Z"
            },
            "display_name": "nat-gateway",
            "freeform_tags": {
              "module": "oracle-terraform-modules/vcn/oci",
              "terraformed": "Please do not edit manually"
            },
            "id": "ocid1.natgateway.oc1.eu-frankfurt-1.aaaaaaaajdtqzhpkym5upvc7zf2yv5qw46s3d4a4abldlei7gvkcy6kzfriq",
            "nat_ip": "158.180.54.154",
            "public_ip_id": "ocid1.publicip.oc1.eu-frankfurt-1.aaaaaaaa5akskcs34rdpzfsrs2s5sq7lunsuzlrngikpidk2ex2qpudfen5a",
            "route_table_id": null,
            "state": "AVAILABLE",
            "time_created": "2024-06-04 19:22:25.83 +0000 UTC",
            "timeouts": null,
            "vcn_id": "ocid1.vcn.oc1.eu-frankfurt-1.amaaaaaai22ccmyamevd4fz4khi54w4g4qiwd5eruko6sbllywvkszfhe53a"
          },
          "sensitive_attributes": [],
          "private": "eyJlMmJmYjczMC1lY2FhLTExZTYtOGY4OC0zNDM2M2JjN2M0YzAiOnsiY3JlYXRlIjoxMjAwMDAwMDAwMDAwLCJkZWxldGUiOjEyMDAwMDAwMDAwMDAsInVwZGF0ZSI6MTIwMDAwMDAwMDAwMH19",
          "dependencies": [
            "module.vcn.oci_core_vcn.vcn"
          ]
        }
      ]
    },
    {
      "module": "module.vcn",
      "mode": "managed",
      "type": "oci_core_route_table",
      "name": "ig",
      "provider": "provider[\"registry.opentofu.org/oracle/oci\"]",
      "instances": [
        {
          "index_key": 0,
          "schema_version": 0,
          "attributes": {
            "compartment_id": "ocid1.tenancy.oc1..aaaaaaaa4rdknam7lvbmh7stdxosxgn2n5k7d2pv7vmsxqavg5az4pqoj2cq",
            "defined_tags": {
              "Oracle-Tags.CreatedBy": "default/t.krbec@gmail.com",
              "Oracle-Tags.CreatedOn": "2024-06-04T19:22:26.278Z"
            },
            "display_name": "internet-route",
            "freeform_tags": {
              "module": "oracle-terraform-modules/vcn/oci",
              "terraformed": "Please do not edit manually"
            },
            "id": "ocid1.routetable.oc1.eu-frankfurt-1.aaaaaaaa6brkcos3kykj7d75pjxr6tbjqgu7ocxfxatyc7tvgqgsusds7z6a",
            "route_rules": [
              {
                "cidr_block": "",
                "description": "Terraformed - Auto-generated at Internet Gateway creation: Internet Gateway as default gateway",
                "destination": "0.0.0.0/0",
                "destination_type": "CIDR_BLOCK",
                "network_entity_id": "ocid1.internetgateway.oc1.eu-frankfurt-1.aaaaaaaawnx4cnqglul4bvvvugouqqi7tigqiymrnqy3vevp3s7ufx2r6bfq",
                "route_type": ""
              }
            ],
            "state": "AVAILABLE",
            "time_created": "2024-06-04 19:22:26.298 +0000 UTC",
            "timeouts": null,
            "vcn_id": "ocid1.vcn.oc1.eu-frankfurt-1.amaaaaaai22ccmyamevd4fz4khi54w4g4qiwd5eruko6sbllywvkszfhe53a"
          },
          "sensitive_attributes": [],
          "private": "eyJlMmJmYjczMC1lY2FhLTExZTYtOGY4OC0zNDM2M2JjN2M0YzAiOnsiY3JlYXRlIjoxMjAwMDAwMDAwMDAwLCJkZWxldGUiOjEyMDAwMDAwMDAwMDAsInVwZGF0ZSI6MTIwMDAwMDAwMDAwMH19",
          "dependencies": [
            "module.vcn.oci_core_internet_gateway.ig",
            "module.vcn.oci_core_local_peering_gateway.lpg",
            "module.vcn.oci_core_vcn.vcn"
          ]
        }
      ]
    },
    {
      "module": "module.vcn",
      "mode": "managed",
      "type": "oci_core_route_table",
      "name": "nat",
      "provider": "provider[\"registry.opentofu.org/oracle/oci\"]",
      "instances": [
        {
          "index_key": 0,
          "schema_version": 0,
          "attributes": {
            "compartment_id": "ocid1.tenancy.oc1..aaaaaaaa4rdknam7lvbmh7stdxosxgn2n5k7d2pv7vmsxqavg5az4pqoj2cq",
            "defined_tags": {
              "Oracle-Tags.CreatedBy": "default/t.krbec@gmail.com",
              "Oracle-Tags.CreatedOn": "2024-06-04T19:22:29.071Z"
            },
            "display_name": "nat-route",
            "freeform_tags": {
              "module": "oracle-terraform-modules/vcn/oci",
              "terraformed": "Please do not edit manually"
            },
            "id": "ocid1.routetable.oc1.eu-frankfurt-1.aaaaaaaa6rk5mpuxx7fbkqp6mm7r3ktmgzc6vuvpjogkkfejkp5dtyjlogzq",
            "route_rules": [
              {
                "cidr_block": "",
                "description": "Terraformed - Auto-generated at NAT Gateway creation: NAT Gateway as default gateway",
                "destination": "0.0.0.0/0",
                "destination_type": "CIDR_BLOCK",
                "network_entity_id": "ocid1.natgateway.oc1.eu-frankfurt-1.aaaaaaaajdtqzhpkym5upvc7zf2yv5qw46s3d4a4abldlei7gvkcy6kzfriq",
                "route_type": ""
              },
              {
                "cidr_block": "",
                "description": "Terraformed - Auto-generated at Service Gateway creation: All Services in region to Service Gateway",
                "destination": "all-fra-services-in-oracle-services-network",
                "destination_type": "SERVICE_CIDR_BLOCK",
                "network_entity_id": "ocid1.servicegateway.oc1.eu-frankfurt-1.aaaaaaaaxzgvgrbs7s33kwzxzfxmmapq2w7n3chiaf25ab27hkkzzxjufkxq",
                "route_type": ""
              }
            ],
            "state": "AVAILABLE",
            "time_created": "2024-06-04 19:22:29.098 +0000 UTC",
            "timeouts": null,
            "vcn_id": "ocid1.vcn.oc1.eu-frankfurt-1.amaaaaaai22ccmyamevd4fz4khi54w4g4qiwd5eruko6sbllywvkszfhe53a"
          },
          "sensitive_attributes": [],
          "private": "eyJlMmJmYjczMC1lY2FhLTExZTYtOGY4OC0zNDM2M2JjN2M0YzAiOnsiY3JlYXRlIjoxMjAwMDAwMDAwMDAwLCJkZWxldGUiOjEyMDAwMDAwMDAwMDAsInVwZGF0ZSI6MTIwMDAwMDAwMDAwMH19",
          "dependencies": [
            "module.vcn.data.oci_core_services.all_oci_services",
            "module.vcn.oci_core_local_peering_gateway.lpg",
            "module.vcn.oci_core_nat_gateway.nat_gateway",
            "module.vcn.oci_core_service_gateway.service_gateway",
            "module.vcn.oci_core_vcn.vcn"
          ]
        }
      ]
    },
    {
      "module": "module.vcn",
      "mode": "managed",
      "type": "oci_core_route_table",
      "name": "service_gw",
      "provider": "provider[\"registry.opentofu.org/oracle/oci\"]",
      "instances": [
        {
          "index_key": 0,
          "schema_version": 0,
          "attributes": {
            "compartment_id": "ocid1.tenancy.oc1..aaaaaaaa4rdknam7lvbmh7stdxosxgn2n5k7d2pv7vmsxqavg5az4pqoj2cq",
            "defined_tags": {
              "Oracle-Tags.CreatedBy": "default/t.krbec@gmail.com",
              "Oracle-Tags.CreatedOn": "2024-06-04T19:22:29.086Z"
            },
            "display_name": "service-gw-route",
            "freeform_tags": {
              "module": "oracle-terraform-modules/vcn/oci",
              "terraformed": "Please do not edit manually"
            },
            "id": "ocid1.routetable.oc1.eu-frankfurt-1.aaaaaaaawyafsdcbesoy6t6dcbujtmdzuw7yn2gbfmhal5znvp7gxh3yui3q",
            "route_rules": [
              {
                "cidr_block": "",
                "description": "Terraformed - Auto-generated at Service Gateway creation: All Services in region to Service Gateway",
                "destination": "all-fra-services-in-oracle-services-network",
                "destination_type": "SERVICE_CIDR_BLOCK",
                "network_entity_id": "ocid1.servicegateway.oc1.eu-frankfurt-1.aaaaaaaaxzgvgrbs7s33kwzxzfxmmapq2w7n3chiaf25ab27hkkzzxjufkxq",
                "route_type": ""
              }
            ],
            "state": "AVAILABLE",
            "time_created": "2024-06-04 19:22:29.097 +0000 UTC",
            "timeouts": null,
            "vcn_id": "ocid1.vcn.oc1.eu-frankfurt-1.amaaaaaai22ccmyamevd4fz4khi54w4g4qiwd5eruko6sbllywvkszfhe53a"
          },
          "sensitive_attributes": [],
          "private": "eyJlMmJmYjczMC1lY2FhLTExZTYtOGY4OC0zNDM2M2JjN2M0YzAiOnsiY3JlYXRlIjoxMjAwMDAwMDAwMDAwLCJkZWxldGUiOjEyMDAwMDAwMDAwMDAsInVwZGF0ZSI6MTIwMDAwMDAwMDAwMH19",
          "dependencies": [
            "module.vcn.data.oci_core_services.all_oci_services",
            "module.vcn.oci_core_service_gateway.service_gateway",
            "module.vcn.oci_core_vcn.vcn"
          ]
        }
      ]
    },
    {
      "module": "module.vcn",
      "mode": "managed",
      "type": "oci_core_service_gateway",
      "name": "service_gateway",
      "provider": "provider[\"registry.opentofu.org/oracle/oci\"]",
      "instances": [
        {
          "index_key": 0,
          "schema_version": 0,
          "attributes": {
            "block_traffic": false,
            "compartment_id": "ocid1.tenancy.oc1..aaaaaaaa4rdknam7lvbmh7stdxosxgn2n5k7d2pv7vmsxqavg5az4pqoj2cq",
            "defined_tags": {
              "Oracle-Tags.CreatedBy": "default/t.krbec@gmail.com",
              "Oracle-Tags.CreatedOn": "2024-06-04T19:22:25.539Z"
            },
            "display_name": "service-gateway",
            "freeform_tags": {
              "module": "oracle-terraform-modules/vcn/oci",
              "terraformed": "Please do not edit manually"
            },
            "id": "ocid1.servicegateway.oc1.eu-frankfurt-1.aaaaaaaaxzgvgrbs7s33kwzxzfxmmapq2w7n3chiaf25ab27hkkzzxjufkxq",
            "route_table_id": null,
            "services": [
              {
                "service_id": "ocid1.service.oc1.eu-frankfurt-1.aaaaaaaa7ncsqkj6lkz36dehifizupyn6qjqsmtepsegs23yyntnsy7qrvea",
                "service_name": "All FRA Services In Oracle Services Network"
              }
            ],
            "state": "AVAILABLE",
            "time_created": "2024-06-04 19:22:27.919 +0000 UTC",
            "timeouts": null,
            "vcn_id": "ocid1.vcn.oc1.eu-frankfurt-1.amaaaaaai22ccmyamevd4fz4khi54w4g4qiwd5eruko6sbllywvkszfhe53a"
          },
          "sensitive_attributes": [],
          "private": "eyJlMmJmYjczMC1lY2FhLTExZTYtOGY4OC0zNDM2M2JjN2M0YzAiOnsiY3JlYXRlIjoxMjAwMDAwMDAwMDAwLCJkZWxldGUiOjEyMDAwMDAwMDAwMDAsInVwZGF0ZSI6MTIwMDAwMDAwMDAwMH19",
          "dependencies": [
            "module.vcn.data.oci_core_services.all_oci_services",
            "module.vcn.oci_core_vcn.vcn"
          ]
        }
      ]
    },
    {
      "module": "module.vcn",
      "mode": "managed",
      "type": "oci_core_vcn",
      "name": "vcn",
      "provider": "provider[\"registry.opentofu.org/oracle/oci\"]",
      "instances": [
        {
          "schema_version": 0,
          "attributes": {
            "byoipv6cidr_blocks": [],
            "byoipv6cidr_details": [],
            "cidr_block": "10.0.0.0/16",
            "cidr_blocks": [
              "10.0.0.0/16"
            ],
            "compartment_id": "ocid1.tenancy.oc1..aaaaaaaa4rdknam7lvbmh7stdxosxgn2n5k7d2pv7vmsxqavg5az4pqoj2cq",
            "default_dhcp_options_id": "ocid1.dhcpoptions.oc1.eu-frankfurt-1.aaaaaaaak5hur6diil7ynxigctehl6x7ibjnsdbn3jigkwnsje4ch5np4zfq",
            "default_route_table_id": "ocid1.routetable.oc1.eu-frankfurt-1.aaaaaaaaynyx3kmbrcxvhqngsjgg27dvepxusjwkkoplemhnnhgplmiewvxa",
            "default_security_list_id": "ocid1.securitylist.oc1.eu-frankfurt-1.aaaaaaaa5pcjeg4ygieqqq63sdt7kctgci6ekuwswc4ip3e7so7szexmnlpa",
            "defined_tags": {
              "Oracle-Tags.CreatedBy": "default/t.krbec@gmail.com",
              "Oracle-Tags.CreatedOn": "2024-06-04T19:22:24.881Z"
            },
            "display_name": "free-k8s-vcn",
            "dns_label": "freek8svcn",
            "freeform_tags": {
              "module": "oracle-terraform-modules/vcn/oci",
              "terraformed": "Please do not edit manually"
            },
            "id": "ocid1.vcn.oc1.eu-frankfurt-1.amaaaaaai22ccmyamevd4fz4khi54w4g4qiwd5eruko6sbllywvkszfhe53a",
            "ipv6cidr_blocks": [],
            "ipv6private_cidr_blocks": [],
            "is_ipv6enabled": false,
            "is_oracle_gua_allocation_enabled": null,
            "state": "AVAILABLE",
            "time_created": "2024-06-04 19:22:24.967 +0000 UTC",
            "timeouts": null,
            "vcn_domain_name": "freek8svcn.oraclevcn.com"
          },
          "sensitive_attributes": [],
          "private": "eyJlMmJmYjczMC1lY2FhLTExZTYtOGY4OC0zNDM2M2JjN2M0YzAiOnsiY3JlYXRlIjoxMjAwMDAwMDAwMDAwLCJkZWxldGUiOjEyMDAwMDAwMDAwMDAsInVwZGF0ZSI6MTIwMDAwMDAwMDAwMH19"
        }
      ]
    }
  ],
  "check_results": [
    {
      "object_kind": "var",
      "config_addr": "module.vcn.var.vcn_dns_label",
      "status": "pass",
      "objects": [
        {
          "object_addr": "module.vcn.var.vcn_dns_label",
          "status": "pass"
        }
      ]
    },
    {
      "object_kind": "var",
      "config_addr": "module.vcn.var.service_gateway_display_name",
      "status": "pass",
      "objects": [
        {
          "object_addr": "module.vcn.var.service_gateway_display_name",
          "status": "pass"
        }
      ]
    },
    {
      "object_kind": "var",
      "config_addr": "module.vcn.var.internet_gateway_display_name",
      "status": "pass",
      "objects": [
        {
          "object_addr": "module.vcn.var.internet_gateway_display_name",
          "status": "pass"
        }
      ]
    },
    {
      "object_kind": "var",
      "config_addr": "module.vcn.var.nat_gateway_display_name",
      "status": "pass",
      "objects": [
        {
          "object_addr": "module.vcn.var.nat_gateway_display_name",
          "status": "pass"
        }
      ]
    },
    {
      "object_kind": "var",
      "config_addr": "module.vcn.var.vcn_name",
      "status": "pass",
      "objects": [
        {
          "object_addr": "module.vcn.var.vcn_name",
          "status": "pass"
        }
      ]
    }
  ]
}
